
Microsoft Visual Studio Solution File, Format Version 12.00
# Visual Studio Version 17
VisualStudioVersion = 17.1.32421.90
MinimumVisualStudioVersion = 10.0.40219.1
Project("{FAE04EC0-301F-11D3-BF4B-00C04F79EFBC}") = "TEKNİKSERVİS", "TEKNİKSERVİS\TEKNİKSERVİS.csproj", "{9281E987-13E6-4E59-B011-6AFF818C0E26}"
EndProject
Global
	GlobalSection(SolutionConfigurationPlatforms) = preSolution
		Debug|Any CPU = Debug|Any CPU
		Release|Any CPU = Release|Any CPU
	EndGlobalSection
	GlobalSection(ProjectConfigurationPlatforms) = postSolution
		{9281E987-13E6-4E59-B011-6AFF818C0E26}.Debug|Any CPU.ActiveCfg = Debug|Any CPU
		{9281E987-13E6-4E59-B011-6AFF818C0E26}.Debug|Any CPU.Build.0 = Debug|Any CPU
		{9281E987-13E6-4E59-B011-6AFF818C0E26}.Release|Any CPU.ActiveCfg = Release|Any CPU
		{9281E987-13E6-4E59-B011-6AFF818C0E26}.Release|Any CPU.Build.0 = Release|Any CPU
	EndGlobalSection
	GlobalSection(SolutionProperties) = preSolution
		HideSolutionNode = FALSE
	EndGlobalSection
	GlobalSection(ExtensibilityGlobals) = postSolution
		SolutionGuid = {5A498081-F1F7-45B5-BDB3-315A12AABE8B}
	EndGlobalSection
EndGlobal
